
Microsoft Visual Studio Solution File, Format Version 12.00
# Visual Studio Version 16
VisualStudioVersion = 16.0.30114.105
MinimumVisualStudioVersion = 10.0.40219.1
Project("{FAE04EC0-301F-11D3-BF4B-00C04F79EFBC}") = "veterinaria.common", "veterinaria.common\veterinaria.common.csproj", "{3FA288E2-6ACC-4B55-A598-A21EB43DB2C2}"
EndProject
Project("{FAE04EC0-301F-11D3-BF4B-00C04F79EFBC}") = "veterinaria.web", "veterinaria.web\veterinaria.web.csproj", "{61A9ED48-7F4D-422A-98DD-8B9FDAD37252}"
EndProject
Global
	GlobalSection(SolutionConfigurationPlatforms) = preSolution
		Debug|Any CPU = Debug|Any CPU
		Release|Any CPU = Release|Any CPU
	EndGlobalSection
	GlobalSection(ProjectConfigurationPlatforms) = postSolution
		{3FA288E2-6ACC-4B55-A598-A21EB43DB2C2}.Debug|Any CPU.ActiveCfg = Debug|Any CPU
		{3FA288E2-6ACC-4B55-A598-A21EB43DB2C2}.Debug|Any CPU.Build.0 = Debug|Any CPU
		{3FA288E2-6ACC-4B55-A598-A21EB43DB2C2}.Release|Any CPU.ActiveCfg = Release|Any CPU
		{3FA288E2-6ACC-4B55-A598-A21EB43DB2C2}.Release|Any CPU.Build.0 = Release|Any CPU
		{61A9ED48-7F4D-422A-98DD-8B9FDAD37252}.Debug|Any CPU.ActiveCfg = Debug|Any CPU
		{61A9ED48-7F4D-422A-98DD-8B9FDAD37252}.Debug|Any CPU.Build.0 = Debug|Any CPU
		{61A9ED48-7F4D-422A-98DD-8B9FDAD37252}.Release|Any CPU.ActiveCfg = Release|Any CPU
		{61A9ED48-7F4D-422A-98DD-8B9FDAD37252}.Release|Any CPU.Build.0 = Release|Any CPU
	EndGlobalSection
	GlobalSection(SolutionProperties) = preSolution
		HideSolutionNode = FALSE
	EndGlobalSection
	GlobalSection(ExtensibilityGlobals) = postSolution
		SolutionGuid = {CF3A592C-CD49-497B-9D88-C8FD49E9D519}
	EndGlobalSection
EndGlobal
